
Microsoft Visual Studio Solution File, Format Version 12.00
# Visual Studio Version 17
VisualStudioVersion = 17.5.33516.290
MinimumVisualStudioVersion = 10.0.40219.1
Project("{FAE04EC0-301F-11D3-BF4B-00C04F79EFBC}") = "StudentAdmissionManagement", "StudentAdmissionManagement\StudentAdmissionManagement.csproj", "{DD282131-5C52-4089-8DE7-C67B929DED15}"
EndProject
Project("{FAE04EC0-301F-11D3-BF4B-00C04F79EFBC}") = "StudentAttendanceManagement", "StudentAttendanceManagement\StudentAttendanceManagement.csproj", "{6A5EA812-0364-47D0-9313-391A36ED1CDC}"
EndProject
Project("{FAE04EC0-301F-11D3-BF4B-00C04F79EFBC}") = "SchoolAPIGateWay", "SchoolAPIGateWay\SchoolAPIGateWay.csproj", "{B1026648-5E2F-4528-B235-15971ACEADC0}"
EndProject
Global
	GlobalSection(SolutionConfigurationPlatforms) = preSolution
		Debug|Any CPU = Debug|Any CPU
		Release|Any CPU = Release|Any CPU
	EndGlobalSection
	GlobalSection(ProjectConfigurationPlatforms) = postSolution
		{DD282131-5C52-4089-8DE7-C67B929DED15}.Debug|Any CPU.ActiveCfg = Debug|Any CPU
		{DD282131-5C52-4089-8DE7-C67B929DED15}.Debug|Any CPU.Build.0 = Debug|Any CPU
		{DD282131-5C52-4089-8DE7-C67B929DED15}.Release|Any CPU.ActiveCfg = Release|Any CPU
		{DD282131-5C52-4089-8DE7-C67B929DED15}.Release|Any CPU.Build.0 = Release|Any CPU
		{6A5EA812-0364-47D0-9313-391A36ED1CDC}.Debug|Any CPU.ActiveCfg = Debug|Any CPU
		{6A5EA812-0364-47D0-9313-391A36ED1CDC}.Debug|Any CPU.Build.0 = Debug|Any CPU
		{6A5EA812-0364-47D0-9313-391A36ED1CDC}.Release|Any CPU.ActiveCfg = Release|Any CPU
		{6A5EA812-0364-47D0-9313-391A36ED1CDC}.Release|Any CPU.Build.0 = Release|Any CPU
		{B1026648-5E2F-4528-B235-15971ACEADC0}.Debug|Any CPU.ActiveCfg = Debug|Any CPU
		{B1026648-5E2F-4528-B235-15971ACEADC0}.Debug|Any CPU.Build.0 = Debug|Any CPU
		{B1026648-5E2F-4528-B235-15971ACEADC0}.Release|Any CPU.ActiveCfg = Release|Any CPU
		{B1026648-5E2F-4528-B235-15971ACEADC0}.Release|Any CPU.Build.0 = Release|Any CPU
	EndGlobalSection
	GlobalSection(SolutionProperties) = preSolution
		HideSolutionNode = FALSE
	EndGlobalSection
	GlobalSection(ExtensibilityGlobals) = postSolution
		SolutionGuid = {3E3E4C62-9E29-4F1E-B96C-0B696FB55D4C}
	EndGlobalSection
EndGlobal
